
Microsoft Visual Studio Solution File, Format Version 12.00
# Visual Studio 2017
Project("{FAE04EC0-301F-11D3-BF4B-00C04F79EFBC}") = "DeatEarth", "DeatEarth.csproj", "{4C98CAEB-27B4-A84C-0732-3FE898BD6A10}"
EndProject
Project("{FAE04EC0-301F-11D3-BF4B-00C04F79EFBC}") = "DeatEarth.Editor", "DeatEarth.Editor.csproj", "{5CBFFB38-681B-A9CA-FDB1-D6580E9F7630}"
EndProject
Global
	GlobalSection(SolutionConfigurationPlatforms) = preSolution
		Debug|Any CPU = Debug|Any CPU
		Release|Any CPU = Release|Any CPU
	EndGlobalSection
	GlobalSection(ProjectConfigurationPlatforms) = postSolution
		{4C98CAEB-27B4-A84C-0732-3FE898BD6A10}.Debug|Any CPU.ActiveCfg = Debug|Any CPU
		{4C98CAEB-27B4-A84C-0732-3FE898BD6A10}.Debug|Any CPU.Build.0 = Debug|Any CPU
		{4C98CAEB-27B4-A84C-0732-3FE898BD6A10}.Release|Any CPU.ActiveCfg = Release|Any CPU
		{4C98CAEB-27B4-A84C-0732-3FE898BD6A10}.Release|Any CPU.Build.0 = Release|Any CPU
		{5CBFFB38-681B-A9CA-FDB1-D6580E9F7630}.Debug|Any CPU.ActiveCfg = Debug|Any CPU
		{5CBFFB38-681B-A9CA-FDB1-D6580E9F7630}.Debug|Any CPU.Build.0 = Debug|Any CPU
		{5CBFFB38-681B-A9CA-FDB1-D6580E9F7630}.Release|Any CPU.ActiveCfg = Release|Any CPU
		{5CBFFB38-681B-A9CA-FDB1-D6580E9F7630}.Release|Any CPU.Build.0 = Release|Any CPU
	EndGlobalSection
	GlobalSection(SolutionProperties) = preSolution
		HideSolutionNode = FALSE
	EndGlobalSection
EndGlobal
